// !$*UTF8*$!
{
	archiveVersion = 1;
	classes = {
	};
	objectVersion = 50;
	objects = {

/* Begin PBXBuildFile section */
		E3198502278C6ED80074D57E /* ISAirnowCustomAdapter.swift in Sources */ = {isa = PBXBuildFile; fileRef = E31984F8278C6ED80074D57E /* ISAirnowCustomAdapter.swift */; };
		E3198503278C6ED80074D57E /* ISAirnowCustomInterstitial.swift in Sources */ = {isa = PBXBuildFile; fileRef = E31984FA278C6ED80074D57E /* ISAirnowCustomInterstitial.swift */; };
		E3198504278C6ED80074D57E /* ISAirMonetizationAdapterError.swift in Sources */ = {isa = PBXBuildFile; fileRef = E31984FC278C6ED80074D57E /* ISAirMonetizationAdapterError.swift */; };
		E3198505278C6ED80074D57E /* ISAdapterAirMonetizationConstants.swift in Sources */ = {isa = PBXBuildFile; fileRef = E31984FD278C6ED80074D57E /* ISAdapterAirMonetizationConstants.swift */; };
		E3198506278C6ED80074D57E /* ISAirnowCustomRewardedVideo.swift in Sources */ = {isa = PBXBuildFile; fileRef = E31984FF278C6ED80074D57E /* ISAirnowCustomRewardedVideo.swift */; };
		E3198507278C6ED80074D57E /* ISAirnowCustomBanner.swift in Sources */ = {isa = PBXBuildFile; fileRef = E3198501278C6ED80074D57E /* ISAirnowCustomBanner.swift */; };
		E32F582D2701D9DD0085AC14 /* DirectBannersViewController.swift in Sources */ = {isa = PBXBuildFile; fileRef = E32F582C2701D9DD0085AC14 /* DirectBannersViewController.swift */; };
		E32F582F2701DA5A0085AC14 /* AirMotetizationAd+uninstall.swift in Sources */ = {isa = PBXBuildFile; fileRef = E32F582E2701DA5A0085AC14 /* AirMotetizationAd+uninstall.swift */; };
		E32F58452701F4CB0085AC14 /* DirectInterstitialViewController.swift in Sources */ = {isa = PBXBuildFile; fileRef = E32F58442701F4CB0085AC14 /* DirectInterstitialViewController.swift */; };
		E32F58472701F72A0085AC14 /* DirectRewardedViewController.swift in Sources */ = {isa = PBXBuildFile; fileRef = E32F58462701F72A0085AC14 /* DirectRewardedViewController.swift */; };
		E3324D8C2702F9E5001DF92C /* AdMobBannerViewController.swift in Sources */ = {isa = PBXBuildFile; fileRef = E3324D8B2702F9E5001DF92C /* AdMobBannerViewController.swift */; };
		E3324D8E2702FA25001DF92C /* AdMobInterstitialViewController.swift in Sources */ = {isa = PBXBuildFile; fileRef = E3324D8D2702FA25001DF92C /* AdMobInterstitialViewController.swift */; };
		E3324D902702FA40001DF92C /* AdMobRewardedViewController.swift in Sources */ = {isa = PBXBuildFile; fileRef = E3324D8F2702FA40001DF92C /* AdMobRewardedViewController.swift */; };
		E3324D922702FC7A001DF92C /* MoPubBannerViewController.swift in Sources */ = {isa = PBXBuildFile; fileRef = E3324D912702FC7A001DF92C /* MoPubBannerViewController.swift */; };
		E3324D942702FCB1001DF92C /* MoPubInterstitialViewController.swift in Sources */ = {isa = PBXBuildFile; fileRef = E3324D932702FCB1001DF92C /* MoPubInterstitialViewController.swift */; };
		E3324D962702FCC5001DF92C /* MoPubRewardedViewController.swift in Sources */ = {isa = PBXBuildFile; fileRef = E3324D952702FCC5001DF92C /* MoPubRewardedViewController.swift */; };
		E3324DA227033253001DF92C /* AdaptersAdUnits.swift in Sources */ = {isa = PBXBuildFile; fileRef = E3324DA127033253001DF92C /* AdaptersAdUnits.swift */; };
		E39C711A2660E9D100924499 /* Main.storyboard in Resources */ = {isa = PBXBuildFile; fileRef = E39C71182660E9D100924499 /* Main.storyboard */; };
		E39C711C2660E9D200924499 /* Assets.xcassets in Resources */ = {isa = PBXBuildFile; fileRef = E39C711B2660E9D200924499 /* Assets.xcassets */; };
		E39C711F2660E9D200924499 /* LaunchScreen.storyboard in Resources */ = {isa = PBXBuildFile; fileRef = E39C711D2660E9D200924499 /* LaunchScreen.storyboard */; };
		E39C71372660EBE600924499 /* ShadowButton.swift in Sources */ = {isa = PBXBuildFile; fileRef = E39C712C2660EBE600924499 /* ShadowButton.swift */; };
		E39C71382660EBE600924499 /* AppDelegate.swift in Sources */ = {isa = PBXBuildFile; fileRef = E39C712E2660EBE600924499 /* AppDelegate.swift */; };
		E39C713B2660EBE600924499 /* UIViewController+Alerts.swift in Sources */ = {isa = PBXBuildFile; fileRef = E39C71332660EBE600924499 /* UIViewController+Alerts.swift */; };
		E39C713C2660EBE600924499 /* UIViewController+ActivityIndicator.swift in Sources */ = {isa = PBXBuildFile; fileRef = E39C71342660EBE600924499 /* UIViewController+ActivityIndicator.swift */; };
		E3A414F0273AB3BA0051C4FD /* MPAirMonetizationAdapterConfiguration.swift in Sources */ = {isa = PBXBuildFile; fileRef = E3A414DA273AB3BA0051C4FD /* MPAirMonetizationAdapterConfiguration.swift */; };
		E3A414F1273AB3BA0051C4FD /* MPAirMonetizationMoPubInterstitialAdapter.swift in Sources */ = {isa = PBXBuildFile; fileRef = E3A414DC273AB3BA0051C4FD /* MPAirMonetizationMoPubInterstitialAdapter.swift */; };
		E3A414F2273AB3BA0051C4FD /* MPAirMonetizationMoPubAdapterError.swift in Sources */ = {isa = PBXBuildFile; fileRef = E3A414DE273AB3BA0051C4FD /* MPAirMonetizationMoPubAdapterError.swift */; };
		E3A414F3273AB3BA0051C4FD /* MPAdapterAirMonetizationConstants.swift in Sources */ = {isa = PBXBuildFile; fileRef = E3A414DF273AB3BA0051C4FD /* MPAdapterAirMonetizationConstants.swift */; };
		E3A414F4273AB3BA0051C4FD /* MPAirMonetizationMoPubAdapterInfo.swift in Sources */ = {isa = PBXBuildFile; fileRef = E3A414E0273AB3BA0051C4FD /* MPAirMonetizationMoPubAdapterInfo.swift */; };
		E3A414F5273AB3BA0051C4FD /* MPAirMonetizationMoPubRewardedAdapter.swift in Sources */ = {isa = PBXBuildFile; fileRef = E3A414E2273AB3BA0051C4FD /* MPAirMonetizationMoPubRewardedAdapter.swift */; };
		E3A414F6273AB3BA0051C4FD /* MPAirMonetizationMopubBannerAdapter.swift in Sources */ = {isa = PBXBuildFile; fileRef = E3A414E4273AB3BA0051C4FD /* MPAirMonetizationMopubBannerAdapter.swift */; };
		E3A414F7273AB3BA0051C4FD /* GADAdapterAirMonetizationInterstitial.swift in Sources */ = {isa = PBXBuildFile; fileRef = E3A414E7273AB3BA0051C4FD /* GADAdapterAirMonetizationInterstitial.swift */; };
		E3A414F8273AB3BA0051C4FD /* AirMonetizationAdapterErrorCode.swift in Sources */ = {isa = PBXBuildFile; fileRef = E3A414E9273AB3BA0051C4FD /* AirMonetizationAdapterErrorCode.swift */; };
		E3A414F9273AB3BA0051C4FD /* AirMonetizationAdapterExtras-extension.swift in Sources */ = {isa = PBXBuildFile; fileRef = E3A414EA273AB3BA0051C4FD /* AirMonetizationAdapterExtras-extension.swift */; };
		E3A414FA273AB3BA0051C4FD /* GADAdapterAirMonetizationConstants.swift in Sources */ = {isa = PBXBuildFile; fileRef = E3A414EB273AB3BA0051C4FD /* GADAdapterAirMonetizationConstants.swift */; };
		E3A414FB273AB3BA0051C4FD /* GADAdapterAirMonetizationRewarded.swift in Sources */ = {isa = PBXBuildFile; fileRef = E3A414ED273AB3BA0051C4FD /* GADAdapterAirMonetizationRewarded.swift */; };
		E3A414FC273AB3BA0051C4FD /* GADAdapterAirMonetizationInlineBanner.swift in Sources */ = {isa = PBXBuildFile; fileRef = E3A414EF273AB3BA0051C4FD /* GADAdapterAirMonetizationInlineBanner.swift */; };
/* End PBXBuildFile section */

/* Begin PBXCopyFilesBuildPhase section */
		E39C712A2660EBC700924499 /* Embed Frameworks */ = {
			isa = PBXCopyFilesBuildPhase;
			buildActionMask = 2147483647;
			dstPath = "";
			dstSubfolderSpec = 10;
			files = (
			);
			name = "Embed Frameworks";
			runOnlyForDeploymentPostprocessing = 0;
		};
/* End PBXCopyFilesBuildPhase section */

/* Begin PBXFileReference section */
		E31984F8278C6ED80074D57E /* ISAirnowCustomAdapter.swift */ = {isa = PBXFileReference; fileEncoding = 4; lastKnownFileType = sourcecode.swift; path = ISAirnowCustomAdapter.swift; sourceTree = "<group>"; };
		E31984FA278C6ED80074D57E /* ISAirnowCustomInterstitial.swift */ = {isa = PBXFileReference; fileEncoding = 4; lastKnownFileType = sourcecode.swift; path = ISAirnowCustomInterstitial.swift; sourceTree = "<group>"; };
		E31984FC278C6ED80074D57E /* ISAirMonetizationAdapterError.swift */ = {isa = PBXFileReference; fileEncoding = 4; lastKnownFileType = sourcecode.swift; path = ISAirMonetizationAdapterError.swift; sourceTree = "<group>"; };
		E31984FD278C6ED80074D57E /* ISAdapterAirMonetizationConstants.swift */ = {isa = PBXFileReference; fileEncoding = 4; lastKnownFileType = sourcecode.swift; path = ISAdapterAirMonetizationConstants.swift; sourceTree = "<group>"; };
		E31984FF278C6ED80074D57E /* ISAirnowCustomRewardedVideo.swift */ = {isa = PBXFileReference; fileEncoding = 4; lastKnownFileType = sourcecode.swift; path = ISAirnowCustomRewardedVideo.swift; sourceTree = "<group>"; };
		E3198501278C6ED80074D57E /* ISAirnowCustomBanner.swift */ = {isa = PBXFileReference; fileEncoding = 4; lastKnownFileType = sourcecode.swift; path = ISAirnowCustomBanner.swift; sourceTree = "<group>"; };
		E32F582C2701D9DD0085AC14 /* DirectBannersViewController.swift */ = {isa = PBXFileReference; lastKnownFileType = sourcecode.swift; path = DirectBannersViewController.swift; sourceTree = "<group>"; };
		E32F582E2701DA5A0085AC14 /* AirMotetizationAd+uninstall.swift */ = {isa = PBXFileReference; lastKnownFileType = sourcecode.swift; path = "AirMotetizationAd+uninstall.swift"; sourceTree = "<group>"; };
		E32F58442701F4CB0085AC14 /* DirectInterstitialViewController.swift */ = {isa = PBXFileReference; lastKnownFileType = sourcecode.swift; path = DirectInterstitialViewController.swift; sourceTree = "<group>"; };
		E32F58462701F72A0085AC14 /* DirectRewardedViewController.swift */ = {isa = PBXFileReference; lastKnownFileType = sourcecode.swift; path = DirectRewardedViewController.swift; sourceTree = "<group>"; };
		E3324D8B2702F9E5001DF92C /* AdMobBannerViewController.swift */ = {isa = PBXFileReference; lastKnownFileType = sourcecode.swift; path = AdMobBannerViewController.swift; sourceTree = "<group>"; };
		E3324D8D2702FA25001DF92C /* AdMobInterstitialViewController.swift */ = {isa = PBXFileReference; lastKnownFileType = sourcecode.swift; path = AdMobInterstitialViewController.swift; sourceTree = "<group>"; };
		E3324D8F2702FA40001DF92C /* AdMobRewardedViewController.swift */ = {isa = PBXFileReference; lastKnownFileType = sourcecode.swift; path = AdMobRewardedViewController.swift; sourceTree = "<group>"; };
		E3324D912702FC7A001DF92C /* MoPubBannerViewController.swift */ = {isa = PBXFileReference; lastKnownFileType = sourcecode.swift; path = MoPubBannerViewController.swift; sourceTree = "<group>"; };
		E3324D932702FCB1001DF92C /* MoPubInterstitialViewController.swift */ = {isa = PBXFileReference; lastKnownFileType = sourcecode.swift; path = MoPubInterstitialViewController.swift; sourceTree = "<group>"; };
		E3324D952702FCC5001DF92C /* MoPubRewardedViewController.swift */ = {isa = PBXFileReference; lastKnownFileType = sourcecode.swift; path = MoPubRewardedViewController.swift; sourceTree = "<group>"; };
		E3324DA127033253001DF92C /* AdaptersAdUnits.swift */ = {isa = PBXFileReference; lastKnownFileType = sourcecode.swift; path = AdaptersAdUnits.swift; sourceTree = "<group>"; };
		E39C710F2660E9D100924499 /* DemoApp.app */ = {isa = PBXFileReference; explicitFileType = wrapper.application; includeInIndex = 0; path = DemoApp.app; sourceTree = BUILT_PRODUCTS_DIR; };
		E39C71192660E9D100924499 /* Base */ = {isa = PBXFileReference; lastKnownFileType = file.storyboard; name = Base; path = Base.lproj/Main.storyboard; sourceTree = "<group>"; };
		E39C711B2660E9D200924499 /* Assets.xcassets */ = {isa = PBXFileReference; lastKnownFileType = folder.assetcatalog; path = Assets.xcassets; sourceTree = "<group>"; };
		E39C711E2660E9D200924499 /* Base */ = {isa = PBXFileReference; lastKnownFileType = file.storyboard; name = Base; path = Base.lproj/LaunchScreen.storyboard; sourceTree = "<group>"; };
		E39C71202660E9D200924499 /* Info.plist */ = {isa = PBXFileReference; lastKnownFileType = text.plist.xml; path = Info.plist; sourceTree = "<group>"; };
		E39C712C2660EBE600924499 /* ShadowButton.swift */ = {isa = PBXFileReference; fileEncoding = 4; lastKnownFileType = sourcecode.swift; path = ShadowButton.swift; sourceTree = "<group>"; };
		E39C712E2660EBE600924499 /* AppDelegate.swift */ = {isa = PBXFileReference; fileEncoding = 4; lastKnownFileType = sourcecode.swift; path = AppDelegate.swift; sourceTree = "<group>"; };
		E39C71332660EBE600924499 /* UIViewController+Alerts.swift */ = {isa = PBXFileReference; fileEncoding = 4; lastKnownFileType = sourcecode.swift; path = "UIViewController+Alerts.swift"; sourceTree = "<group>"; };
		E39C71342660EBE600924499 /* UIViewController+ActivityIndicator.swift */ = {isa = PBXFileReference; fileEncoding = 4; lastKnownFileType = sourcecode.swift; path = "UIViewController+ActivityIndicator.swift"; sourceTree = "<group>"; };
		E3A414DA273AB3BA0051C4FD /* MPAirMonetizationAdapterConfiguration.swift */ = {isa = PBXFileReference; fileEncoding = 4; lastKnownFileType = sourcecode.swift; path = MPAirMonetizationAdapterConfiguration.swift; sourceTree = "<group>"; };
		E3A414DC273AB3BA0051C4FD /* MPAirMonetizationMoPubInterstitialAdapter.swift */ = {isa = PBXFileReference; fileEncoding = 4; lastKnownFileType = sourcecode.swift; path = MPAirMonetizationMoPubInterstitialAdapter.swift; sourceTree = "<group>"; };
		E3A414DE273AB3BA0051C4FD /* MPAirMonetizationMoPubAdapterError.swift */ = {isa = PBXFileReference; fileEncoding = 4; lastKnownFileType = sourcecode.swift; path = MPAirMonetizationMoPubAdapterError.swift; sourceTree = "<group>"; };
		E3A414DF273AB3BA0051C4FD /* MPAdapterAirMonetizationConstants.swift */ = {isa = PBXFileReference; fileEncoding = 4; lastKnownFileType = sourcecode.swift; path = MPAdapterAirMonetizationConstants.swift; sourceTree = "<group>"; };
		E3A414E0273AB3BA0051C4FD /* MPAirMonetizationMoPubAdapterInfo.swift */ = {isa = PBXFileReference; fileEncoding = 4; lastKnownFileType = sourcecode.swift; path = MPAirMonetizationMoPubAdapterInfo.swift; sourceTree = "<group>"; };
		E3A414E2273AB3BA0051C4FD /* MPAirMonetizationMoPubRewardedAdapter.swift */ = {isa = PBXFileReference; fileEncoding = 4; lastKnownFileType = sourcecode.swift; path = MPAirMonetizationMoPubRewardedAdapter.swift; sourceTree = "<group>"; };
		E3A414E4273AB3BA0051C4FD /* MPAirMonetizationMopubBannerAdapter.swift */ = {isa = PBXFileReference; fileEncoding = 4; lastKnownFileType = sourcecode.swift; path = MPAirMonetizationMopubBannerAdapter.swift; sourceTree = "<group>"; };
		E3A414E7273AB3BA0051C4FD /* GADAdapterAirMonetizationInterstitial.swift */ = {isa = PBXFileReference; fileEncoding = 4; lastKnownFileType = sourcecode.swift; path = GADAdapterAirMonetizationInterstitial.swift; sourceTree = "<group>"; };
		E3A414E9273AB3BA0051C4FD /* AirMonetizationAdapterErrorCode.swift */ = {isa = PBXFileReference; fileEncoding = 4; lastKnownFileType = sourcecode.swift; path = AirMonetizationAdapterErrorCode.swift; sourceTree = "<group>"; };
		E3A414EA273AB3BA0051C4FD /* AirMonetizationAdapterExtras-extension.swift */ = {isa = PBXFileReference; fileEncoding = 4; lastKnownFileType = sourcecode.swift; path = "AirMonetizationAdapterExtras-extension.swift"; sourceTree = "<group>"; };
		E3A414EB273AB3BA0051C4FD /* GADAdapterAirMonetizationConstants.swift */ = {isa = PBXFileReference; fileEncoding = 4; lastKnownFileType = sourcecode.swift; path = GADAdapterAirMonetizationConstants.swift; sourceTree = "<group>"; };
		E3A414ED273AB3BA0051C4FD /* GADAdapterAirMonetizationRewarded.swift */ = {isa = PBXFileReference; fileEncoding = 4; lastKnownFileType = sourcecode.swift; path = GADAdapterAirMonetizationRewarded.swift; sourceTree = "<group>"; };
		E3A414EF273AB3BA0051C4FD /* GADAdapterAirMonetizationInlineBanner.swift */ = {isa = PBXFileReference; fileEncoding = 4; lastKnownFileType = sourcecode.swift; path = GADAdapterAirMonetizationInlineBanner.swift; sourceTree = "<group>"; };
/* End PBXFileReference section */

/* Begin PBXFrameworksBuildPhase section */
		E39C710C2660E9D100924499 /* Frameworks */ = {
			isa = PBXFrameworksBuildPhase;
			buildActionMask = 2147483647;
			files = (
			);
			runOnlyForDeploymentPostprocessing = 0;
		};
/* End PBXFrameworksBuildPhase section */

/* Begin PBXGroup section */
		9EF1F315EC17AE8B43192B23 /* Pods */ = {
			isa = PBXGroup;
			children = (
			);
			path = Pods;
			sourceTree = "<group>";
		};
		E31984F6278C6ED80074D57E /* IronSourceAdapters */ = {
			isa = PBXGroup;
			children = (
				E31984F7278C6ED80074D57E /* Configuration */,
				E31984F9278C6ED80074D57E /* Interstitial */,
				E31984FB278C6ED80074D57E /* Common */,
				E31984FE278C6ED80074D57E /* Rewarded */,
				E3198500278C6ED80074D57E /* Banner */,
			);
			path = IronSourceAdapters;
			sourceTree = "<group>";
		};
		E31984F7278C6ED80074D57E /* Configuration */ = {
			isa = PBXGroup;
			children = (
				E31984F8278C6ED80074D57E /* ISAirnowCustomAdapter.swift */,
			);
			path = Configuration;
			sourceTree = "<group>";
		};
		E31984F9278C6ED80074D57E /* Interstitial */ = {
			isa = PBXGroup;
			children = (
				E31984FA278C6ED80074D57E /* ISAirnowCustomInterstitial.swift */,
			);
			path = Interstitial;
			sourceTree = "<group>";
		};
		E31984FB278C6ED80074D57E /* Common */ = {
			isa = PBXGroup;
			children = (
				E31984FC278C6ED80074D57E /* ISAirMonetizationAdapterError.swift */,
				E31984FD278C6ED80074D57E /* ISAdapterAirMonetizationConstants.swift */,
			);
			path = Common;
			sourceTree = "<group>";
		};
		E31984FE278C6ED80074D57E /* Rewarded */ = {
			isa = PBXGroup;
			children = (
				E31984FF278C6ED80074D57E /* ISAirnowCustomRewardedVideo.swift */,
			);
			path = Rewarded;
			sourceTree = "<group>";
		};
		E3198500278C6ED80074D57E /* Banner */ = {
			isa = PBXGroup;
			children = (
				E3198501278C6ED80074D57E /* ISAirnowCustomBanner.swift */,
			);
			path = Banner;
			sourceTree = "<group>";
		};
		E32F582B2701D9C70085AC14 /* DirectAds */ = {
			isa = PBXGroup;
			children = (
				E32F582C2701D9DD0085AC14 /* DirectBannersViewController.swift */,
				E32F58442701F4CB0085AC14 /* DirectInterstitialViewController.swift */,
				E32F58462701F72A0085AC14 /* DirectRewardedViewController.swift */,
			);
			path = DirectAds;
			sourceTree = "<group>";
		};
		E3324DA027033241001DF92C /* AdaptersAdUnits */ = {
			isa = PBXGroup;
			children = (
				E3324DA127033253001DF92C /* AdaptersAdUnits.swift */,
			);
			path = AdaptersAdUnits;
			sourceTree = "<group>";
		};
		E39813A027021E380050C45E /* AdMobAds */ = {
			isa = PBXGroup;
			children = (
				E3324D8B2702F9E5001DF92C /* AdMobBannerViewController.swift */,
				E3324D8D2702FA25001DF92C /* AdMobInterstitialViewController.swift */,
				E3324D8F2702FA40001DF92C /* AdMobRewardedViewController.swift */,
			);
			path = AdMobAds;
			sourceTree = "<group>";
		};
		E39813A127021E440050C45E /* MoPubAds */ = {
			isa = PBXGroup;
			children = (
				E3324D912702FC7A001DF92C /* MoPubBannerViewController.swift */,
				E3324D932702FCB1001DF92C /* MoPubInterstitialViewController.swift */,
				E3324D952702FCC5001DF92C /* MoPubRewardedViewController.swift */,
			);
			path = MoPubAds;
			sourceTree = "<group>";
		};
		E39813A527021F060050C45E /* Adapters */ = {
			isa = PBXGroup;
			children = (
				E31984F6278C6ED80074D57E /* IronSourceAdapters */,
				E3A414E5273AB3BA0051C4FD /* AdMobAdapters */,
				E3A414D8273AB3BA0051C4FD /* MoPubAdapters */,
			);
			path = Adapters;
			sourceTree = "<group>";
		};
		E39C71062660E9D100924499 = {
			isa = PBXGroup;
			children = (
				E39C71112660E9D100924499 /* DemoApp */,
				E39C71102660E9D100924499 /* Products */,
				9EF1F315EC17AE8B43192B23 /* Pods */,
			);
			sourceTree = "<group>";
		};
		E39C71102660E9D100924499 /* Products */ = {
			isa = PBXGroup;
			children = (
				E39C710F2660E9D100924499 /* DemoApp.app */,
			);
			name = Products;
			sourceTree = "<group>";
		};
		E39C71112660E9D100924499 /* DemoApp */ = {
			isa = PBXGroup;
			children = (
				E39C712D2660EBE600924499 /* App */,
				E3324DA027033241001DF92C /* AdaptersAdUnits */,
				E39C712F2660EBE600924499 /* Controllers */,
				E39C712B2660EBE600924499 /* UI */,
				E39813A527021F060050C45E /* Adapters */,
				E39C71182660E9D100924499 /* Main.storyboard */,
				E39C711B2660E9D200924499 /* Assets.xcassets */,
				E39C711D2660E9D200924499 /* LaunchScreen.storyboard */,
				E39C71202660E9D200924499 /* Info.plist */,
			);
			path = DemoApp;
			sourceTree = "<group>";
		};
		E39C712B2660EBE600924499 /* UI */ = {
			isa = PBXGroup;
			children = (
				E39C712C2660EBE600924499 /* ShadowButton.swift */,
			);
			path = UI;
			sourceTree = "<group>";
		};
		E39C712D2660EBE600924499 /* App */ = {
			isa = PBXGroup;
			children = (
				E39C712E2660EBE600924499 /* AppDelegate.swift */,
			);
			path = App;
			sourceTree = "<group>";
		};
		E39C712F2660EBE600924499 /* Controllers */ = {
			isa = PBXGroup;
			children = (
				E39C71322660EBE600924499 /* Extensions */,
				E32F582B2701D9C70085AC14 /* DirectAds */,
				E39813A027021E380050C45E /* AdMobAds */,
				E39813A127021E440050C45E /* MoPubAds */,
			);
			path = Controllers;
			sourceTree = "<group>";
		};
		E39C71322660EBE600924499 /* Extensions */ = {
			isa = PBXGroup;
			children = (
				E39C71332660EBE600924499 /* UIViewController+Alerts.swift */,
				E39C71342660EBE600924499 /* UIViewController+ActivityIndicator.swift */,
				E32F582E2701DA5A0085AC14 /* AirMotetizationAd+uninstall.swift */,
			);
			path = Extensions;
			sourceTree = "<group>";
		};
		E3A414D8273AB3BA0051C4FD /* MoPubAdapters */ = {
			isa = PBXGroup;
			children = (
				E3A414D9273AB3BA0051C4FD /* Configuration */,
				E3A414DD273AB3BA0051C4FD /* Common */,
				E3A414E3273AB3BA0051C4FD /* Banner */,
				E3A414DB273AB3BA0051C4FD /* Interstitial */,
				E3A414E1273AB3BA0051C4FD /* Rewarded */,
			);
			path = MoPubAdapters;
			sourceTree = "<group>";
		};
		E3A414D9273AB3BA0051C4FD /* Configuration */ = {
			isa = PBXGroup;
			children = (
				E3A414DA273AB3BA0051C4FD /* MPAirMonetizationAdapterConfiguration.swift */,
			);
			path = Configuration;
			sourceTree = "<group>";
		};
		E3A414DB273AB3BA0051C4FD /* Interstitial */ = {
			isa = PBXGroup;
			children = (
				E3A414DC273AB3BA0051C4FD /* MPAirMonetizationMoPubInterstitialAdapter.swift */,
			);
			path = Interstitial;
			sourceTree = "<group>";
		};
		E3A414DD273AB3BA0051C4FD /* Common */ = {
			isa = PBXGroup;
			children = (
				E3A414DE273AB3BA0051C4FD /* MPAirMonetizationMoPubAdapterError.swift */,
				E3A414DF273AB3BA0051C4FD /* MPAdapterAirMonetizationConstants.swift */,
				E3A414E0273AB3BA0051C4FD /* MPAirMonetizationMoPubAdapterInfo.swift */,
			);
			path = Common;
			sourceTree = "<group>";
		};
		E3A414E1273AB3BA0051C4FD /* Rewarded */ = {
			isa = PBXGroup;
			children = (
				E3A414E2273AB3BA0051C4FD /* MPAirMonetizationMoPubRewardedAdapter.swift */,
			);
			path = Rewarded;
			sourceTree = "<group>";
		};
		E3A414E3273AB3BA0051C4FD /* Banner */ = {
			isa = PBXGroup;
			children = (
				E3A414E4273AB3BA0051C4FD /* MPAirMonetizationMopubBannerAdapter.swift */,
			);
			path = Banner;
			sourceTree = "<group>";
		};
		E3A414E5273AB3BA0051C4FD /* AdMobAdapters */ = {
			isa = PBXGroup;
			children = (
				E3A414E8273AB3BA0051C4FD /* Common */,
				E3A414EE273AB3BA0051C4FD /* Banner */,
				E3A414E6273AB3BA0051C4FD /* Interstitial */,
				E3A414EC273AB3BA0051C4FD /* Rewarded */,
			);
			path = AdMobAdapters;
			sourceTree = "<group>";
		};
		E3A414E6273AB3BA0051C4FD /* Interstitial */ = {
			isa = PBXGroup;
			children = (
				E3A414E7273AB3BA0051C4FD /* GADAdapterAirMonetizationInterstitial.swift */,
			);
			path = Interstitial;
			sourceTree = "<group>";
		};
		E3A414E8273AB3BA0051C4FD /* Common */ = {
			isa = PBXGroup;
			children = (
				E3A414E9273AB3BA0051C4FD /* AirMonetizationAdapterErrorCode.swift */,
				E3A414EA273AB3BA0051C4FD /* AirMonetizationAdapterExtras-extension.swift */,
				E3A414EB273AB3BA0051C4FD /* GADAdapterAirMonetizationConstants.swift */,
			);
			path = Common;
			sourceTree = "<group>";
		};
		E3A414EC273AB3BA0051C4FD /* Rewarded */ = {
			isa = PBXGroup;
			children = (
				E3A414ED273AB3BA0051C4FD /* GADAdapterAirMonetizationRewarded.swift */,
			);
			path = Rewarded;
			sourceTree = "<group>";
		};
		E3A414EE273AB3BA0051C4FD /* Banner */ = {
			isa = PBXGroup;
			children = (
				E3A414EF273AB3BA0051C4FD /* GADAdapterAirMonetizationInlineBanner.swift */,
			);
			path = Banner;
			sourceTree = "<group>";
		};
/* End PBXGroup section */

/* Begin PBXNativeTarget section */
		E39C710E2660E9D100924499 /* DemoApp */ = {
			isa = PBXNativeTarget;
			buildConfigurationList = E39C71232660E9D200924499 /* Build configuration list for PBXNativeTarget "DemoApp" */;
			buildPhases = (
				E39C710B2660E9D100924499 /* Sources */,
				E39C710C2660E9D100924499 /* Frameworks */,
				E39C710D2660E9D100924499 /* Resources */,
				E39C712A2660EBC700924499 /* Embed Frameworks */,
			);
			buildRules = (
			);
			dependencies = (
			);
			name = DemoApp;
			productName = DemoApp;
			productReference = E39C710F2660E9D100924499 /* DemoApp.app */;
			productType = "com.apple.product-type.application";
		};
/* End PBXNativeTarget section */

/* Begin PBXProject section */
		E39C71072660E9D100924499 /* Project object */ = {
			isa = PBXProject;
			attributes = {
				LastSwiftUpdateCheck = 1250;
				LastUpgradeCheck = 1250;
				TargetAttributes = {
					E39C710E2660E9D100924499 = {
						CreatedOnToolsVersion = 12.5;
					};
				};
			};
			buildConfigurationList = E39C710A2660E9D100924499 /* Build configuration list for PBXProject "DemoApp" */;
			compatibilityVersion = "Xcode 9.3";
			developmentRegion = en;
			hasScannedForEncodings = 0;
			knownRegions = (
				en,
				Base,
			);
			mainGroup = E39C71062660E9D100924499;
			productRefGroup = E39C71102660E9D100924499 /* Products */;
			projectDirPath = "";
			projectRoot = "";
			targets = (
				E39C710E2660E9D100924499 /* DemoApp */,
			);
		};
/* End PBXProject section */

/* Begin PBXResourcesBuildPhase section */
		E39C710D2660E9D100924499 /* Resources */ = {
			isa = PBXResourcesBuildPhase;
			buildActionMask = 2147483647;
			files = (
				E39C711F2660E9D200924499 /* LaunchScreen.storyboard in Resources */,
				E39C711C2660E9D200924499 /* Assets.xcassets in Resources */,
				E39C711A2660E9D100924499 /* Main.storyboard in Resources */,
			);
			runOnlyForDeploymentPostprocessing = 0;
		};
/* End PBXResourcesBuildPhase section */

/* Begin PBXSourcesBuildPhase section */
		E39C710B2660E9D100924499 /* Sources */ = {
			isa = PBXSourcesBuildPhase;
			buildActionMask = 2147483647;
			files = (
				E32F582F2701DA5A0085AC14 /* AirMotetizationAd+uninstall.swift in Sources */,
				E3A414F3273AB3BA0051C4FD /* MPAdapterAirMonetizationConstants.swift in Sources */,
				E3A414F6273AB3BA0051C4FD /* MPAirMonetizationMopubBannerAdapter.swift in Sources */,
				E3A414F8273AB3BA0051C4FD /* AirMonetizationAdapterErrorCode.swift in Sources */,
				E39C71382660EBE600924499 /* AppDelegate.swift in Sources */,
				E3A414FC273AB3BA0051C4FD /* GADAdapterAirMonetizationInlineBanner.swift in Sources */,
				E3324D8E2702FA25001DF92C /* AdMobInterstitialViewController.swift in Sources */,
				E39C71372660EBE600924499 /* ShadowButton.swift in Sources */,
				E3A414F5273AB3BA0051C4FD /* MPAirMonetizationMoPubRewardedAdapter.swift in Sources */,
				E32F582D2701D9DD0085AC14 /* DirectBannersViewController.swift in Sources */,
				E39C713C2660EBE600924499 /* UIViewController+ActivityIndicator.swift in Sources */,
				E32F58472701F72A0085AC14 /* DirectRewardedViewController.swift in Sources */,
				E3324D942702FCB1001DF92C /* MoPubInterstitialViewController.swift in Sources */,
				E3198506278C6ED80074D57E /* ISAirnowCustomRewardedVideo.swift in Sources */,
				E3324D962702FCC5001DF92C /* MoPubRewardedViewController.swift in Sources */,
				E3A414FB273AB3BA0051C4FD /* GADAdapterAirMonetizationRewarded.swift in Sources */,
				E3A414F0273AB3BA0051C4FD /* MPAirMonetizationAdapterConfiguration.swift in Sources */,
				E3324D902702FA40001DF92C /* AdMobRewardedViewController.swift in Sources */,
				E3198502278C6ED80074D57E /* ISAirnowCustomAdapter.swift in Sources */,
				E3A414F4273AB3BA0051C4FD /* MPAirMonetizationMoPubAdapterInfo.swift in Sources */,
				E39C713B2660EBE600924499 /* UIViewController+Alerts.swift in Sources */,
				E3324D8C2702F9E5001DF92C /* AdMobBannerViewController.swift in Sources */,
				E3A414F7273AB3BA0051C4FD /* GADAdapterAirMonetizationInterstitial.swift in Sources */,
				E3324D922702FC7A001DF92C /* MoPubBannerViewController.swift in Sources */,
				E3198507278C6ED80074D57E /* ISAirnowCustomBanner.swift in Sources */,
				E3324DA227033253001DF92C /* AdaptersAdUnits.swift in Sources */,
				E3198504278C6ED80074D57E /* ISAirMonetizationAdapterError.swift in Sources */,
				E3198505278C6ED80074D57E /* ISAdapterAirMonetizationConstants.swift in Sources */,
				E32F58452701F4CB0085AC14 /* DirectInterstitialViewController.swift in Sources */,
				E3A414FA273AB3BA0051C4FD /* GADAdapterAirMonetizationConstants.swift in Sources */,
				E3A414F1273AB3BA0051C4FD /* MPAirMonetizationMoPubInterstitialAdapter.swift in Sources */,
				E3A414F9273AB3BA0051C4FD /* AirMonetizationAdapterExtras-extension.swift in Sources */,
				E3198503278C6ED80074D57E /* ISAirnowCustomInterstitial.swift in Sources */,
				E3A414F2273AB3BA0051C4FD /* MPAirMonetizationMoPubAdapterError.swift in Sources */,
			);
			runOnlyForDeploymentPostprocessing = 0;
		};
/* End PBXSourcesBuildPhase section */

/* Begin PBXVariantGroup section */
		E39C71182660E9D100924499 /* Main.storyboard */ = {
			isa = PBXVariantGroup;
			children = (
				E39C71192660E9D100924499 /* Base */,
			);
			name = Main.storyboard;
			sourceTree = "<group>";
		};
		E39C711D2660E9D200924499 /* LaunchScreen.storyboard */ = {
			isa = PBXVariantGroup;
			children = (
				E39C711E2660E9D200924499 /* Base */,
			);
			name = LaunchScreen.storyboard;
			sourceTree = "<group>";
		};
/* End PBXVariantGroup section */

/* Begin XCBuildConfiguration section */
		E39C71212660E9D200924499 /* Debug */ = {
			isa = XCBuildConfiguration;
			buildSettings = {
				ALWAYS_SEARCH_USER_PATHS = NO;
				CLANG_ANALYZER_NONNULL = YES;
				CLANG_ANALYZER_NUMBER_OBJECT_CONVERSION = YES_AGGRESSIVE;
				CLANG_CXX_LANGUAGE_STANDARD = "gnu++14";
				CLANG_CXX_LIBRARY = "libc++";
				CLANG_ENABLE_MODULES = YES;
				CLANG_ENABLE_OBJC_ARC = YES;
				CLANG_ENABLE_OBJC_WEAK = YES;
				CLANG_WARN_BLOCK_CAPTURE_AUTORELEASING = YES;
				CLANG_WARN_BOOL_CONVERSION = YES;
				CLANG_WARN_COMMA = YES;
				CLANG_WARN_CONSTANT_CONVERSION = YES;
				CLANG_WARN_DEPRECATED_OBJC_IMPLEMENTATIONS = YES;
				CLANG_WARN_DIRECT_OBJC_ISA_USAGE = YES_ERROR;
				CLANG_WARN_DOCUMENTATION_COMMENTS = YES;
				CLANG_WARN_EMPTY_BODY = YES;
				CLANG_WARN_ENUM_CONVERSION = YES;
				CLANG_WARN_INFINITE_RECURSION = YES;
				CLANG_WARN_INT_CONVERSION = YES;
				CLANG_WARN_NON_LITERAL_NULL_CONVERSION = YES;
				CLANG_WARN_OBJC_IMPLICIT_RETAIN_SELF = YES;
				CLANG_WARN_OBJC_LITERAL_CONVERSION = YES;
				CLANG_WARN_OBJC_ROOT_CLASS = YES_ERROR;
				CLANG_WARN_QUOTED_INCLUDE_IN_FRAMEWORK_HEADER = YES;
				CLANG_WARN_RANGE_LOOP_ANALYSIS = YES;
				CLANG_WARN_STRICT_PROTOTYPES = YES;
				CLANG_WARN_SUSPICIOUS_MOVE = YES;
				CLANG_WARN_UNGUARDED_AVAILABILITY = YES_AGGRESSIVE;
				CLANG_WARN_UNREACHABLE_CODE = YES;
				CLANG_WARN__DUPLICATE_METHOD_MATCH = YES;
				COPY_PHASE_STRIP = NO;
				DEBUG_INFORMATION_FORMAT = dwarf;
				ENABLE_STRICT_OBJC_MSGSEND = YES;
				ENABLE_TESTABILITY = YES;
				GCC_C_LANGUAGE_STANDARD = gnu11;
				GCC_DYNAMIC_NO_PIC = NO;
				GCC_NO_COMMON_BLOCKS = YES;
				GCC_OPTIMIZATION_LEVEL = 0;
				GCC_PREPROCESSOR_DEFINITIONS = (
					"DEBUG=1",
					"$(inherited)",
				);
				GCC_WARN_64_TO_32_BIT_CONVERSION = YES;
				GCC_WARN_ABOUT_RETURN_TYPE = YES_ERROR;
				GCC_WARN_UNDECLARED_SELECTOR = YES;
				GCC_WARN_UNINITIALIZED_AUTOS = YES_AGGRESSIVE;
				GCC_WARN_UNUSED_FUNCTION = YES;
				GCC_WARN_UNUSED_VARIABLE = YES;
				IPHONEOS_DEPLOYMENT_TARGET = 11.0;
				MTL_ENABLE_DEBUG_INFO = INCLUDE_SOURCE;
				MTL_FAST_MATH = YES;
				ONLY_ACTIVE_ARCH = YES;
				SDKROOT = iphoneos;
				SWIFT_ACTIVE_COMPILATION_CONDITIONS = DEBUG;
				SWIFT_OPTIMIZATION_LEVEL = "-Onone";
			};
			name = Debug;
		};
		E39C71222660E9D200924499 /* Release */ = {
			isa = XCBuildConfiguration;
			buildSettings = {
				ALWAYS_SEARCH_USER_PATHS = NO;
				CLANG_ANALYZER_NONNULL = YES;
				CLANG_ANALYZER_NUMBER_OBJECT_CONVERSION = YES_AGGRESSIVE;
				CLANG_CXX_LANGUAGE_STANDARD = "gnu++14";
				CLANG_CXX_LIBRARY = "libc++";
				CLANG_ENABLE_MODULES = YES;
				CLANG_ENABLE_OBJC_ARC = YES;
				CLANG_ENABLE_OBJC_WEAK = YES;
				CLANG_WARN_BLOCK_CAPTURE_AUTORELEASING = YES;
				CLANG_WARN_BOOL_CONVERSION = YES;
				CLANG_WARN_COMMA = YES;
				CLANG_WARN_CONSTANT_CONVERSION = YES;
				CLANG_WARN_DEPRECATED_OBJC_IMPLEMENTATIONS = YES;
				CLANG_WARN_DIRECT_OBJC_ISA_USAGE = YES_ERROR;
				CLANG_WARN_DOCUMENTATION_COMMENTS = YES;
				CLANG_WARN_EMPTY_BODY = YES;
				CLANG_WARN_ENUM_CONVERSION = YES;
				CLANG_WARN_INFINITE_RECURSION = YES;
				CLANG_WARN_INT_CONVERSION = YES;
				CLANG_WARN_NON_LITERAL_NULL_CONVERSION = YES;
				CLANG_WARN_OBJC_IMPLICIT_RETAIN_SELF = YES;
				CLANG_WARN_OBJC_LITERAL_CONVERSION = YES;
				CLANG_WARN_OBJC_ROOT_CLASS = YES_ERROR;
				CLANG_WARN_QUOTED_INCLUDE_IN_FRAMEWORK_HEADER = YES;
				CLANG_WARN_RANGE_LOOP_ANALYSIS = YES;
				CLANG_WARN_STRICT_PROTOTYPES = YES;
				CLANG_WARN_SUSPICIOUS_MOVE = YES;
				CLANG_WARN_UNGUARDED_AVAILABILITY = YES_AGGRESSIVE;
				CLANG_WARN_UNREACHABLE_CODE = YES;
				CLANG_WARN__DUPLICATE_METHOD_MATCH = YES;
				COPY_PHASE_STRIP = NO;
				DEBUG_INFORMATION_FORMAT = "dwarf-with-dsym";
				ENABLE_NS_ASSERTIONS = NO;
				ENABLE_STRICT_OBJC_MSGSEND = YES;
				GCC_C_LANGUAGE_STANDARD = gnu11;
				GCC_NO_COMMON_BLOCKS = YES;
				GCC_WARN_64_TO_32_BIT_CONVERSION = YES;
				GCC_WARN_ABOUT_RETURN_TYPE = YES_ERROR;
				GCC_WARN_UNDECLARED_SELECTOR = YES;
				GCC_WARN_UNINITIALIZED_AUTOS = YES_AGGRESSIVE;
				GCC_WARN_UNUSED_FUNCTION = YES;
				GCC_WARN_UNUSED_VARIABLE = YES;
				IPHONEOS_DEPLOYMENT_TARGET = 11.0;
				MTL_ENABLE_DEBUG_INFO = NO;
				MTL_FAST_MATH = YES;
				SDKROOT = iphoneos;
				SWIFT_COMPILATION_MODE = wholemodule;
				SWIFT_OPTIMIZATION_LEVEL = "-O";
				VALIDATE_PRODUCT = YES;
			};
			name = Release;
		};
		E39C71242660E9D200924499 /* Debug */ = {
			isa = XCBuildConfiguration;
			buildSettings = {
				ASSETCATALOG_COMPILER_APPICON_NAME = AppIcon;
				ASSETCATALOG_COMPILER_GLOBAL_ACCENT_COLOR_NAME = AccentColor;
				CODE_SIGN_IDENTITY = "Apple Development";
				CODE_SIGN_STYLE = Automatic;
				CURRENT_PROJECT_VERSION = 2;
				DEVELOPMENT_TEAM = "";
				INFOPLIST_FILE = DemoApp/Info.plist;
				IPHONEOS_DEPLOYMENT_TARGET = 11.0;
				LD_RUNPATH_SEARCH_PATHS = (
					"$(inherited)",
					"@executable_path/Frameworks",
				);
				MARKETING_VERSION = 11.4.3;
				PRODUCT_BUNDLE_IDENTIFIER = com.airnowmedia.sdkdemo.AirMonetizationDemo;
				PRODUCT_NAME = "$(TARGET_NAME)";
				PROVISIONING_PROFILE_SPECIFIER = "";
				SWIFT_VERSION = 5.0;
				TARGETED_DEVICE_FAMILY = "1,2";
			};
			name = Debug;
		};
		E39C71252660E9D200924499 /* Release */ = {
			isa = XCBuildConfiguration;
			buildSettings = {
				ASSETCATALOG_COMPILER_APPICON_NAME = AppIcon;
				ASSETCATALOG_COMPILER_GLOBAL_ACCENT_COLOR_NAME = AccentColor;
				CODE_SIGN_IDENTITY = "Apple Development";
				CODE_SIGN_STYLE = Automatic;
				CURRENT_PROJECT_VERSION = 2;
				DEVELOPMENT_TEAM = "";
				INFOPLIST_FILE = DemoApp/Info.plist;
				IPHONEOS_DEPLOYMENT_TARGET = 11.0;
				LD_RUNPATH_SEARCH_PATHS = (
					"$(inherited)",
					"@executable_path/Frameworks",
				);
				MARKETING_VERSION = 11.4.3;
				PRODUCT_BUNDLE_IDENTIFIER = com.airnowmedia.sdkdemo.AirMonetizationDemo;
				PRODUCT_NAME = "$(TARGET_NAME)";
				PROVISIONING_PROFILE_SPECIFIER = "";
				SWIFT_VERSION = 5.0;
				TARGETED_DEVICE_FAMILY = "1,2";
			};
			name = Release;
		};
/* End XCBuildConfiguration section */

/* Begin XCConfigurationList section */
		E39C710A2660E9D100924499 /* Build configuration list for PBXProject "DemoApp" */ = {
			isa = XCConfigurationList;
			buildConfigurations = (
				E39C71212660E9D200924499 /* Debug */,
				E39C71222660E9D200924499 /* Release */,
			);
			defaultConfigurationIsVisible = 0;
			defaultConfigurationName = Release;
		};
		E39C71232660E9D200924499 /* Build configuration list for PBXNativeTarget "DemoApp" */ = {
			isa = XCConfigurationList;
			buildConfigurations = (
				E39C71242660E9D200924499 /* Debug */,
				E39C71252660E9D200924499 /* Release */,
			);
			defaultConfigurationIsVisible = 0;
			defaultConfigurationName = Release;
		};
/* End XCConfigurationList section */
	};
	rootObject = E39C71072660E9D100924499 /* Project object */;
}
